
Microsoft Visual Studio Solution File, Format Version 12.00
# Visual Studio Version 17
VisualStudioVersion = 17.2.32630.192
MinimumVisualStudioVersion = 10.0.40219.1
Project("{FAE04EC0-301F-11D3-BF4B-00C04F79EFBC}") = "counterapp", "counterapp.csproj", "{D9C7739A-6FEE-48C5-A6C5-3298C77CA57B}"
EndProject
Global
	GlobalSection(SolutionConfigurationPlatforms) = preSolution
		Debug|Any CPU = Debug|Any CPU
		Release|Any CPU = Release|Any CPU
	EndGlobalSection
	GlobalSection(ProjectConfigurationPlatforms) = postSolution
		{D9C7739A-6FEE-48C5-A6C5-3298C77CA57B}.Debug|Any CPU.ActiveCfg = Debug|Any CPU
		{D9C7739A-6FEE-48C5-A6C5-3298C77CA57B}.Debug|Any CPU.Build.0 = Debug|Any CPU
		{D9C7739A-6FEE-48C5-A6C5-3298C77CA57B}.Release|Any CPU.ActiveCfg = Release|Any CPU
		{D9C7739A-6FEE-48C5-A6C5-3298C77CA57B}.Release|Any CPU.Build.0 = Release|Any CPU
	EndGlobalSection
	GlobalSection(SolutionProperties) = preSolution
		HideSolutionNode = FALSE
	EndGlobalSection
	GlobalSection(ExtensibilityGlobals) = postSolution
		SolutionGuid = {95EE73A0-4047-4C64-A529-3F77859B7BFA}
	EndGlobalSection
EndGlobal
